#MicroXplorer Configuration settings - do not modify
Dma.Request0=TIM1_UP
Dma.RequestsNb=1
Dma.TIM1_UP.0.Direction=DMA_PERIPH_TO_MEMORY
Dma.TIM1_UP.0.Instance=DMA1_Channel5
Dma.TIM1_UP.0.MemDataAlignment=DMA_MDATAALIGN_BYTE
Dma.TIM1_UP.0.MemInc=DMA_MINC_ENABLE
Dma.TIM1_UP.0.Mode=DMA_NORMAL
Dma.TIM1_UP.0.PeriphDataAlignment=DMA_PDATAALIGN_BYTE
Dma.TIM1_UP.0.PeriphInc=DMA_PINC_DISABLE
Dma.TIM1_UP.0.Priority=DMA_PRIORITY_VERY_HIGH
Dma.TIM1_UP.0.RequestParameters=Instance,Direction,PeriphInc,MemInc,PeriphDataAlignment,MemDataAlignment,Mode,Priority
File.Version=6
KeepUserPlacement=false
Mcu.Family=STM32F1
Mcu.IP0=DMA
Mcu.IP1=NVIC
Mcu.IP2=RCC
Mcu.IP3=RTC
Mcu.IP4=SYS
Mcu.IP5=TIM1
Mcu.IP6=USART1
Mcu.IP7=USB
Mcu.IP8=USB_DEVICE
Mcu.IPNb=9
Mcu.Name=STM32F103C(8-B)Tx
Mcu.Package=LQFP48
Mcu.Pin0=PC13-TAMPER-RTC
Mcu.Pin1=PC14-OSC32_IN
Mcu.Pin10=PA13
Mcu.Pin11=PA14
Mcu.Pin12=VP_RTC_VS_RTC_Activate
Mcu.Pin13=VP_SYS_VS_Systick
Mcu.Pin14=VP_TIM1_VS_ClockSourceINT
Mcu.Pin15=VP_USB_DEVICE_VS_USB_DEVICE_CDC_FS
Mcu.Pin2=PC15-OSC32_OUT
Mcu.Pin3=PD0-OSC_IN
Mcu.Pin4=PD1-OSC_OUT
Mcu.Pin5=PA8
Mcu.Pin6=PA9
Mcu.Pin7=PA10
Mcu.Pin8=PA11
Mcu.Pin9=PA12
Mcu.PinsNb=16
Mcu.UserConstants=
Mcu.UserName=STM32F103C8Tx
MxCube.Version=4.20.0
MxDb.Version=DB.4.0.200
NVIC.BusFault_IRQn=true\:0\:0\:false\:false\:true
NVIC.DMA1_Channel5_IRQn=true\:0\:0\:false\:false\:true
NVIC.DebugMonitor_IRQn=true\:0\:0\:false\:false\:true
NVIC.HardFault_IRQn=true\:0\:0\:false\:false\:true
NVIC.MemoryManagement_IRQn=true\:0\:0\:false\:false\:true
NVIC.NonMaskableInt_IRQn=true\:0\:0\:false\:false\:true
NVIC.PendSV_IRQn=true\:0\:0\:false\:false\:true
NVIC.PriorityGroup=NVIC_PRIORITYGROUP_4
NVIC.SVCall_IRQn=true\:0\:0\:false\:false\:true
NVIC.SysTick_IRQn=true\:0\:0\:false\:false\:true
NVIC.USB_HP_CAN1_TX_IRQn=true\:1\:0\:true\:false\:true
NVIC.USB_LP_CAN1_RX0_IRQn=true\:2\:0\:true\:false\:true
NVIC.UsageFault_IRQn=true\:0\:0\:false\:false\:true
PA10.Mode=Asynchronous
PA10.Signal=USART1_RX
PA11.Mode=Device
PA11.Signal=USB_DM
PA12.Mode=Device
PA12.Signal=USB_DP
PA13.Mode=Serial_Wire
PA13.Signal=SYS_JTMS-SWDIO
PA14.Mode=Serial_Wire
PA14.Signal=SYS_JTCK-SWCLK
PA8.Signal=S_TIM1_CH1
PA9.Mode=Asynchronous
PA9.Signal=USART1_TX
PC13-TAMPER-RTC.GPIOParameters=GPIO_Label,GPIO_ModeDefaultOutputPP
PC13-TAMPER-RTC.GPIO_Label=LED
PC13-TAMPER-RTC.GPIO_ModeDefaultOutputPP=GPIO_MODE_OUTPUT_OD
PC13-TAMPER-RTC.Locked=true
PC13-TAMPER-RTC.Signal=GPIO_Output
PC14-OSC32_IN.Mode=LSE-External-Oscillator
PC14-OSC32_IN.Signal=RCC_OSC32_IN
PC15-OSC32_OUT.Mode=LSE-External-Oscillator
PC15-OSC32_OUT.Signal=RCC_OSC32_OUT
PCC.Checker=false
PCC.Line=STM32F103
PCC.MCU=STM32F103C(8-B)Tx
PCC.MXVersion=4.20.0
PCC.PartNumber=STM32F103C8Tx
PCC.Seq0=0
PCC.Series=STM32F1
PCC.Temperature=25
PCC.Vdd=3.3
PD0-OSC_IN.Mode=HSE-External-Oscillator
PD0-OSC_IN.Signal=RCC_OSC_IN
PD1-OSC_OUT.Mode=HSE-External-Oscillator
PD1-OSC_OUT.Signal=RCC_OSC_OUT
ProjectManager.AskForMigrate=true
ProjectManager.BackupPrevious=false
ProjectManager.CompilerOptimize=2
ProjectManager.ComputerToolchain=false
ProjectManager.CoupleFile=false
ProjectManager.CustomerFirmwarePackage=
ProjectManager.DefaultFWLocation=true
ProjectManager.DeletePrevious=true
ProjectManager.DeviceId=STM32F103C8Tx
ProjectManager.FirmwarePackage=STM32Cube FW_F1 V1.4.0
ProjectManager.FreePins=false
ProjectManager.HalAssertFull=false
ProjectManager.HeapSize=0x0
ProjectManager.KeepUserCode=true
ProjectManager.LastFirmware=true
ProjectManager.LibraryCopy=1
ProjectManager.PreviousToolchain=SW4STM32
ProjectManager.ProjectBuild=false
ProjectManager.ProjectFileName=sump.ioc
ProjectManager.ProjectName=sump
ProjectManager.StackSize=0x400
ProjectManager.TargetToolchain=SW4STM32
ProjectManager.ToolChainLocation=
ProjectManager.UnderRoot=true
ProjectManager.functionlistsort=1-MX_GPIO_Init-GPIO-false-HAL,2-MX_DMA_Init-DMA-false-HAL,3-MX_USB_DEVICE_Init-USB_DEVICE-false-HAL,4-SystemClock_Config-RCC-false-HAL,5-MX_RTC_Init-RTC-false-HAL,6-MX_USART1_UART_Init-USART1-false-HAL,7-MX_TIM1_Init-TIM1-false-HAL
RCC.ADCFreqValue=36000000
RCC.AHBFreq_Value=72000000
RCC.APB1CLKDivider=RCC_HCLK_DIV2
RCC.APB1Freq_Value=36000000
RCC.APB1TimFreq_Value=72000000
RCC.APB2Freq_Value=72000000
RCC.APB2TimFreq_Value=72000000
RCC.ClockTypeHCLK=RCC_CLOCKTYPE_HCLK
RCC.ClockTypePCLK1=RCC_CLOCKTYPE_PCLK1
RCC.ClockTypePCLK2=RCC_CLOCKTYPE_PCLK2
RCC.EnableHSE=true
RCC.EnableHSERTCDevisor=true
RCC.EnableLSE=true
RCC.EnableLSERTC=true
RCC.EnableMCOMultDivisor=false
RCC.FCLKCortexFreq_Value=72000000
RCC.FamilyName=M
RCC.HCLKFreq_Value=72000000
RCC.HSEState=RCC_HSE_ON
RCC.HSIState=RCC_HSI_ON
RCC.IPParameters=ADCFreqValue,AHBFreq_Value,APB1CLKDivider,APB1Freq_Value,APB1TimFreq_Value,APB2Freq_Value,APB2TimFreq_Value,ClockTypeHCLK,ClockTypePCLK1,ClockTypePCLK2,EnableHSE,EnableHSERTCDevisor,EnableLSE,EnableLSERTC,EnableMCOMultDivisor,FCLKCortexFreq_Value,FamilyName,HCLKFreq_Value,HSEState,HSIState,IWDGEnable,LSEState,LSIState,MCOEnable,MCOFreq_Value,OscillatorTypeHSE,OscillatorTypeLSE,OscillatorTypeLSI,PLLCLKFreq_Value,PLLMCOFreq_Value,PLLMUL,PLLSource,PLLState,RCC_PERIPHCLK_RTCVar,RTCClockSelection,RTCEnable,RTCFreq_Value,SYSCLKFreq_VALUE,SYSCLKSource,TimSysFreq_Value,USBFreq_Value,USBPrescaler,VCOOutput2Freq_Value
RCC.IWDGEnable=false
RCC.LSEState=RCC_LSE_ON
RCC.LSIState=RCC_LSI_OFF
RCC.MCOEnable=false
RCC.MCOFreq_Value=72000000
RCC.OscillatorTypeHSE=RCC_OSCILLATORTYPE_HSE
RCC.OscillatorTypeLSE=RCC_OSCILLATORTYPE_LSE
RCC.OscillatorTypeLSI=
RCC.PLLCLKFreq_Value=72000000
RCC.PLLMCOFreq_Value=36000000
RCC.PLLMUL=RCC_PLL_MUL9
RCC.PLLSource=RCC_PLLSOURCE_HSE
RCC.PLLState=RCC_PLL_ON
RCC.RCC_PERIPHCLK_RTCVar=RCC_PERIPHCLK_RTC
RCC.RTCClockSelection=RCC_RTCCLKSOURCE_LSE
RCC.RTCEnable=true
RCC.RTCFreq_Value=32768
RCC.SYSCLKFreq_VALUE=72000000
RCC.SYSCLKSource=RCC_SYSCLKSOURCE_PLLCLK
RCC.TimSysFreq_Value=72000000
RCC.USBFreq_Value=48000000
RCC.USBPrescaler=RCC_USBCLKSOURCE_PLL_DIV1_5
RCC.VCOOutput2Freq_Value=8000000
RTC.IPParameters=OutPut
RTC.OutPut=RTC_OUTPUTSOURCE_ALARM
SH.S_TIM1_CH1.0=TIM1_CH1,PWM Generation1 CH1
SH.S_TIM1_CH1.ConfNb=1
TIM1.Channel-PWM\ Generation1\ CH1=TIM_CHANNEL_1
TIM1.IPParameters=Prescaler,Period,Channel-PWM Generation1 CH1,OCNPolarity_1,OCNIdleState_1,Pulse-PWM Generation1 CH1
TIM1.OCNIdleState_1=TIM_OCNIDLESTATE_RESET
TIM1.OCNPolarity_1=TIM_OCNPOLARITY_HIGH
TIM1.Period=71
TIM1.Prescaler=0
TIM1.Pulse-PWM\ Generation1\ CH1=36
USART1.HwFlowCtl-Asynchronous=UART_HWCONTROL_NONE
USART1.IPParameters=VirtualMode,HwFlowCtl-Asynchronous
USART1.VirtualMode=VM_ASYNC
USB.IPParameters=ep0_mps
USB.ep0_mps=DEP0CTL_MPS_64
USB_DEVICE.CLASS_NAME_FS=CDC
USB_DEVICE.IPParameters=VirtualMode,VirtualModeFS,USBD_HandleTypeDef,CLASS_NAME_FS,USBD_HandleTypeDef_FS
USB_DEVICE.USBD_HandleTypeDef=hUsbDeviceFS
USB_DEVICE.USBD_HandleTypeDef_FS=hUsbDevice_USB_FS
USB_DEVICE.VirtualMode=Cdc
USB_DEVICE.VirtualModeFS=Cdc_FS
VP_RTC_VS_RTC_Activate.Mode=RTC_Enabled
VP_RTC_VS_RTC_Activate.Signal=RTC_VS_RTC_Activate
VP_SYS_VS_Systick.Mode=SysTick
VP_SYS_VS_Systick.Signal=SYS_VS_Systick
VP_TIM1_VS_ClockSourceINT.Mode=Internal
VP_TIM1_VS_ClockSourceINT.Signal=TIM1_VS_ClockSourceINT
VP_USB_DEVICE_VS_USB_DEVICE_CDC_FS.Mode=CDC_FS
VP_USB_DEVICE_VS_USB_DEVICE_CDC_FS.Signal=USB_DEVICE_VS_USB_DEVICE_CDC_FS
board=sump
